PODS:
  - Sentry (8.22.3-beta.0):
    - Sentry/Core (= 8.22.3-beta.0)
  - Sentry/Core (8.22.3-beta.0)

DEPENDENCIES:
  - Sentry (from `https://github.com/getsentry/sentry-cocoa.git`)

EXTERNAL SOURCES:
  Sentry:
    :git: https://github.com/getsentry/sentry-cocoa.git

CHECKOUT OPTIONS:
  Sentry:
    :commit: fa409feccbfc87427acf396bfce16cac97df3640
    :git: https://github.com/getsentry/sentry-cocoa.git

SPEC CHECKSUMS:
  Sentry: 2f6e0f2162fb1aa59f678dedb638e8fe79856186

PODFILE CHECKSUM: 5f3f3fce27406932113b99e26f25de4e6b1dfcb8

COCOAPODS: 1.15.2
