{
  "originHash" : "7b5e54f81ac1ebaa640945691cb38c371b637198701f04fba811702fc8e7067e",
  "pins" : [
    {
      "identity" : "sentry-cocoa",
      "kind" : "remoteSourceControl",
      "location" : "https://github.com/getsentry/sentry-cocoa.git",
      "state" : {
        "revision" : "3b0de03134c03064c0df3015e38fd9ddca73466a",
        "version" : "8.22.3"
      }
    }
  ],
  "version" : 3
}
