// !$*UTF8*$!
{
	archiveVersion = 1;
	classes = {
	};
	objectVersion = 56;
	objects = {

/* Begin PBXBuildFile section */
		0DAD5E192BA6648E006D3F52 /* ServerStatusApp.swift in Sources */ = {isa = PBXBuildFile; fileRef = 0DAD5E182BA6648E006D3F52 /* ServerStatusApp.swift */; };
		0DAD5E1B2BA6648E006D3F52 /* Persistence.swift in Sources */ = {isa = PBXBuildFile; fileRef = 0DAD5E1A2BA6648E006D3F52 /* Persistence.swift */; };
		0DAD5E1E2BA6648E006D3F52 /* ServerStatus.xcdatamodeld in Sources */ = {isa = PBXBuildFile; fileRef = 0DAD5E1C2BA6648E006D3F52 /* ServerStatus.xcdatamodeld */; };
		0DAD5E202BA6648E006D3F52 /* RootView.swift in Sources */ = {isa = PBXBuildFile; fileRef = 0DAD5E1F2BA6648E006D3F52 /* RootView.swift */; };
		0DAD5E222BA6648F006D3F52 /* Assets.xcassets in Resources */ = {isa = PBXBuildFile; fileRef = 0DAD5E212BA6648F006D3F52 /* Assets.xcassets */; };
		0DAD5E262BA6648F006D3F52 /* Preview Assets.xcassets in Resources */ = {isa = PBXBuildFile; fileRef = 0DAD5E252BA6648F006D3F52 /* Preview Assets.xcassets */; };
		0DAD5E302BA6657E006D3F52 /* NoInstancesView.swift in Sources */ = {isa = PBXBuildFile; fileRef = 0DAD5E2F2BA6657E006D3F52 /* NoInstancesView.swift */; };
		0DAD5E352BA667B7006D3F52 /* InstanceFormView.swift in Sources */ = {isa = PBXBuildFile; fileRef = 0DAD5E342BA667B7006D3F52 /* InstanceFormView.swift */; };
		0DAD5E382BA667FD006D3F52 /* InstanceFormViewModel.swift in Sources */ = {isa = PBXBuildFile; fileRef = 0DAD5E372BA667FD006D3F52 /* InstanceFormViewModel.swift */; };
		0DAD5E3B2BA670DE006D3F52 /* Regexps.swift in Sources */ = {isa = PBXBuildFile; fileRef = 0DAD5E3A2BA670DE006D3F52 /* Regexps.swift */; };
		0DAD5E412BA67A06006D3F52 /* Localizable.xcstrings in Resources */ = {isa = PBXBuildFile; fileRef = 0DAD5E402BA67A06006D3F52 /* Localizable.xcstrings */; };
		0DAD5E482BA681AB006D3F52 /* SettingsView.swift in Sources */ = {isa = PBXBuildFile; fileRef = 0DAD5E472BA681AB006D3F52 /* SettingsView.swift */; };
		0DAD5E4A2BA682AC006D3F52 /* Enums.swift in Sources */ = {isa = PBXBuildFile; fileRef = 0DAD5E492BA682AC006D3F52 /* Enums.swift */; };
		0DAD5E4D2BA684CF006D3F52 /* ThemeButton.swift in Sources */ = {isa = PBXBuildFile; fileRef = 0DAD5E4C2BA684CF006D3F52 /* ThemeButton.swift */; };
		0DAD5E4F2BA68786006D3F52 /* SettingsViewModel.swift in Sources */ = {isa = PBXBuildFile; fileRef = 0DAD5E4E2BA68786006D3F52 /* SettingsViewModel.swift */; };
		0DAD5E522BA68FF0006D3F52 /* Gauge.swift in Sources */ = {isa = PBXBuildFile; fileRef = 0DAD5E512BA68FF0006D3F52 /* Gauge.swift */; };
		0DAD5E542BA690C9006D3F52 /* AppConfigViewModel.swift in Sources */ = {isa = PBXBuildFile; fileRef = 0DAD5E532BA690C9006D3F52 /* AppConfigViewModel.swift */; };
		0DAD5E5B2BA697F6006D3F52 /* StorageKeys.swift in Sources */ = {isa = PBXBuildFile; fileRef = 0DAD5E5A2BA697F6006D3F52 /* StorageKeys.swift */; };
		0DAD5E5D2BA69B53006D3F52 /* Urls.swift in Sources */ = {isa = PBXBuildFile; fileRef = 0DAD5E5C2BA69B53006D3F52 /* Urls.swift */; };
		0DAD5E672BA69F80006D3F52 /* SafariView.swift in Sources */ = {isa = PBXBuildFile; fileRef = 0DAD5E662BA69F80006D3F52 /* SafariView.swift */; };
		0DC4DB612BA6A175007A8328 /* Strings.swift in Sources */ = {isa = PBXBuildFile; fileRef = 0DC4DB602BA6A175007A8328 /* Strings.swift */; };
		0DC4DB632BA6A358007A8328 /* Readme.md in Resources */ = {isa = PBXBuildFile; fileRef = 0DC4DB622BA6A358007A8328 /* Readme.md */; };
		0DC4DB652BA713CD007A8328 /* InstancesViewModel.swift in Sources */ = {isa = PBXBuildFile; fileRef = 0DC4DB642BA713CD007A8328 /* InstancesViewModel.swift */; };
		0DC4DB672BA71475007A8328 /* InstanceModel.swift in Sources */ = {isa = PBXBuildFile; fileRef = 0DC4DB662BA71475007A8328 /* InstanceModel.swift */; };
		0DC4DB6E2BA723AE007A8328 /* InstanceUrl.swift in Sources */ = {isa = PBXBuildFile; fileRef = 0DC4DB6D2BA723AE007A8328 /* InstanceUrl.swift */; };
		0DC4DB702BA76392007A8328 /* ServersInstancesList.swift in Sources */ = {isa = PBXBuildFile; fileRef = 0DC4DB6F2BA76392007A8328 /* ServersInstancesList.swift */; };
		0DC4DB732BA77007007A8328 /* StatusView.swift in Sources */ = {isa = PBXBuildFile; fileRef = 0DC4DB722BA77007007A8328 /* StatusView.swift */; };
		0DC4DB752BA77032007A8328 /* StatusViewModel.swift in Sources */ = {isa = PBXBuildFile; fileRef = 0DC4DB742BA77032007A8328 /* StatusViewModel.swift */; };
		0DC4DB772BA77AED007A8328 /* GaugeColors.swift in Sources */ = {isa = PBXBuildFile; fileRef = 0DC4DB762BA77AED007A8328 /* GaugeColors.swift */; };
		0DC4DB792BA781F7007A8328 /* CpuData.swift in Sources */ = {isa = PBXBuildFile; fileRef = 0DC4DB782BA781F7007A8328 /* CpuData.swift */; };
		0DC4DB7B2BA782CF007A8328 /* RamData.swift in Sources */ = {isa = PBXBuildFile; fileRef = 0DC4DB7A2BA782CF007A8328 /* RamData.swift */; };
		0DC4DB7D2BA78366007A8328 /* StorageData.swift in Sources */ = {isa = PBXBuildFile; fileRef = 0DC4DB7C2BA78366007A8328 /* StorageData.swift */; };
		0DC4DB7F2BA78436007A8328 /* NetworkData.swift in Sources */ = {isa = PBXBuildFile; fileRef = 0DC4DB7E2BA78436007A8328 /* NetworkData.swift */; };
/* End PBXBuildFile section */

/* Begin PBXFileReference section */
		0DAD5E152BA6648E006D3F52 /* ServerStatus.app */ = {isa = PBXFileReference; explicitFileType = wrapper.application; includeInIndex = 0; path = ServerStatus.app; sourceTree = BUILT_PRODUCTS_DIR; };
		0DAD5E182BA6648E006D3F52 /* ServerStatusApp.swift */ = {isa = PBXFileReference; lastKnownFileType = sourcecode.swift; path = ServerStatusApp.swift; sourceTree = "<group>"; };
		0DAD5E1A2BA6648E006D3F52 /* Persistence.swift */ = {isa = PBXFileReference; lastKnownFileType = sourcecode.swift; path = Persistence.swift; sourceTree = "<group>"; };
		0DAD5E1D2BA6648E006D3F52 /* ServerStatus.xcdatamodel */ = {isa = PBXFileReference; lastKnownFileType = wrapper.xcdatamodel; path = ServerStatus.xcdatamodel; sourceTree = "<group>"; };
		0DAD5E1F2BA6648E006D3F52 /* RootView.swift */ = {isa = PBXFileReference; lastKnownFileType = sourcecode.swift; path = RootView.swift; sourceTree = "<group>"; };
		0DAD5E212BA6648F006D3F52 /* Assets.xcassets */ = {isa = PBXFileReference; lastKnownFileType = folder.assetcatalog; path = Assets.xcassets; sourceTree = "<group>"; };
		0DAD5E232BA6648F006D3F52 /* ServerStatus.entitlements */ = {isa = PBXFileReference; lastKnownFileType = text.plist.entitlements; path = ServerStatus.entitlements; sourceTree = "<group>"; };
		0DAD5E252BA6648F006D3F52 /* Preview Assets.xcassets */ = {isa = PBXFileReference; lastKnownFileType = folder.assetcatalog; path = "Preview Assets.xcassets"; sourceTree = "<group>"; };
		0DAD5E2F2BA6657E006D3F52 /* NoInstancesView.swift */ = {isa = PBXFileReference; lastKnownFileType = sourcecode.swift; path = NoInstancesView.swift; sourceTree = "<group>"; };
		0DAD5E342BA667B7006D3F52 /* InstanceFormView.swift */ = {isa = PBXFileReference; lastKnownFileType = sourcecode.swift; path = InstanceFormView.swift; sourceTree = "<group>"; };
		0DAD5E372BA667FD006D3F52 /* InstanceFormViewModel.swift */ = {isa = PBXFileReference; lastKnownFileType = sourcecode.swift; path = InstanceFormViewModel.swift; sourceTree = "<group>"; };
		0DAD5E3A2BA670DE006D3F52 /* Regexps.swift */ = {isa = PBXFileReference; lastKnownFileType = sourcecode.swift; path = Regexps.swift; sourceTree = "<group>"; };
		0DAD5E402BA67A06006D3F52 /* Localizable.xcstrings */ = {isa = PBXFileReference; lastKnownFileType = text.json.xcstrings; path = Localizable.xcstrings; sourceTree = "<group>"; };
		0DAD5E472BA681AB006D3F52 /* SettingsView.swift */ = {isa = PBXFileReference; lastKnownFileType = sourcecode.swift; path = SettingsView.swift; sourceTree = "<group>"; };
		0DAD5E492BA682AC006D3F52 /* Enums.swift */ = {isa = PBXFileReference; lastKnownFileType = sourcecode.swift; path = Enums.swift; sourceTree = "<group>"; };
		0DAD5E4C2BA684CF006D3F52 /* ThemeButton.swift */ = {isa = PBXFileReference; lastKnownFileType = sourcecode.swift; path = ThemeButton.swift; sourceTree = "<group>"; };
		0DAD5E4E2BA68786006D3F52 /* SettingsViewModel.swift */ = {isa = PBXFileReference; lastKnownFileType = sourcecode.swift; path = SettingsViewModel.swift; sourceTree = "<group>"; };
		0DAD5E512BA68FF0006D3F52 /* Gauge.swift */ = {isa = PBXFileReference; lastKnownFileType = sourcecode.swift; path = Gauge.swift; sourceTree = "<group>"; };
		0DAD5E532BA690C9006D3F52 /* AppConfigViewModel.swift */ = {isa = PBXFileReference; fileEncoding = 4; lastKnownFileType = sourcecode.swift; path = AppConfigViewModel.swift; sourceTree = "<group>"; };
		0DAD5E5A2BA697F6006D3F52 /* StorageKeys.swift */ = {isa = PBXFileReference; lastKnownFileType = sourcecode.swift; path = StorageKeys.swift; sourceTree = "<group>"; };
		0DAD5E5C2BA69B53006D3F52 /* Urls.swift */ = {isa = PBXFileReference; lastKnownFileType = sourcecode.swift; path = Urls.swift; sourceTree = "<group>"; };
		0DAD5E662BA69F80006D3F52 /* SafariView.swift */ = {isa = PBXFileReference; lastKnownFileType = sourcecode.swift; path = SafariView.swift; sourceTree = "<group>"; };
		0DC4DB602BA6A175007A8328 /* Strings.swift */ = {isa = PBXFileReference; lastKnownFileType = sourcecode.swift; path = Strings.swift; sourceTree = "<group>"; };
		0DC4DB622BA6A358007A8328 /* Readme.md */ = {isa = PBXFileReference; lastKnownFileType = net.daringfireball.markdown; path = Readme.md; sourceTree = "<group>"; };
		0DC4DB642BA713CD007A8328 /* InstancesViewModel.swift */ = {isa = PBXFileReference; lastKnownFileType = sourcecode.swift; path = InstancesViewModel.swift; sourceTree = "<group>"; };
		0DC4DB662BA71475007A8328 /* InstanceModel.swift */ = {isa = PBXFileReference; lastKnownFileType = sourcecode.swift; path = InstanceModel.swift; sourceTree = "<group>"; };
		0DC4DB6D2BA723AE007A8328 /* InstanceUrl.swift */ = {isa = PBXFileReference; lastKnownFileType = sourcecode.swift; path = InstanceUrl.swift; sourceTree = "<group>"; };
		0DC4DB6F2BA76392007A8328 /* ServersInstancesList.swift */ = {isa = PBXFileReference; lastKnownFileType = sourcecode.swift; path = ServersInstancesList.swift; sourceTree = "<group>"; };
		0DC4DB722BA77007007A8328 /* StatusView.swift */ = {isa = PBXFileReference; lastKnownFileType = sourcecode.swift; path = StatusView.swift; sourceTree = "<group>"; };
		0DC4DB742BA77032007A8328 /* StatusViewModel.swift */ = {isa = PBXFileReference; lastKnownFileType = sourcecode.swift; path = StatusViewModel.swift; sourceTree = "<group>"; };
		0DC4DB762BA77AED007A8328 /* GaugeColors.swift */ = {isa = PBXFileReference; lastKnownFileType = sourcecode.swift; path = GaugeColors.swift; sourceTree = "<group>"; };
		0DC4DB782BA781F7007A8328 /* CpuData.swift */ = {isa = PBXFileReference; lastKnownFileType = sourcecode.swift; path = CpuData.swift; sourceTree = "<group>"; };
		0DC4DB7A2BA782CF007A8328 /* RamData.swift */ = {isa = PBXFileReference; lastKnownFileType = sourcecode.swift; path = RamData.swift; sourceTree = "<group>"; };
		0DC4DB7C2BA78366007A8328 /* StorageData.swift */ = {isa = PBXFileReference; lastKnownFileType = sourcecode.swift; path = StorageData.swift; sourceTree = "<group>"; };
		0DC4DB7E2BA78436007A8328 /* NetworkData.swift */ = {isa = PBXFileReference; lastKnownFileType = sourcecode.swift; path = NetworkData.swift; sourceTree = "<group>"; };
/* End PBXFileReference section */

/* Begin PBXFrameworksBuildPhase section */
		0DAD5E122BA6648E006D3F52 /* Frameworks */ = {
			isa = PBXFrameworksBuildPhase;
			buildActionMask = 2147483647;
			files = (
			);
			runOnlyForDeploymentPostprocessing = 0;
		};
/* End PBXFrameworksBuildPhase section */

/* Begin PBXGroup section */
		0DAD5E0C2BA6648E006D3F52 = {
			isa = PBXGroup;
			children = (
				0DC4DB622BA6A358007A8328 /* Readme.md */,
				0DAD5E1C2BA6648E006D3F52 /* ServerStatus.xcdatamodeld */,
				0DAD5E212BA6648F006D3F52 /* Assets.xcassets */,
				0DAD5E3F2BA679DF006D3F52 /* Resources */,
				0DAD5E172BA6648E006D3F52 /* ServerStatus */,
				0DAD5E162BA6648E006D3F52 /* Products */,
			);
			sourceTree = "<group>";
		};
		0DAD5E162BA6648E006D3F52 /* Products */ = {
			isa = PBXGroup;
			children = (
				0DAD5E152BA6648E006D3F52 /* ServerStatus.app */,
			);
			name = Products;
			sourceTree = "<group>";
		};
		0DAD5E172BA6648E006D3F52 /* ServerStatus */ = {
			isa = PBXGroup;
			children = (
				0DAD5E2D2BA66568006D3F52 /* Views */,
				0DAD5E502BA68FE4006D3F52 /* Components */,
				0DAD5E432BA680C3006D3F52 /* Utils */,
				0DAD5E362BA667F2006D3F52 /* Models */,
				0DAD5E422BA6800F006D3F52 /* ViewModels */,
				0DAD5E392BA670B5006D3F52 /* Constants */,
				0DAD5E182BA6648E006D3F52 /* ServerStatusApp.swift */,
				0DAD5E232BA6648F006D3F52 /* ServerStatus.entitlements */,
				0DAD5E242BA6648F006D3F52 /* Preview Content */,
			);
			path = ServerStatus;
			sourceTree = "<group>";
		};
		0DAD5E242BA6648F006D3F52 /* Preview Content */ = {
			isa = PBXGroup;
			children = (
				0DAD5E252BA6648F006D3F52 /* Preview Assets.xcassets */,
			);
			path = "Preview Content";
			sourceTree = "<group>";
		};
		0DAD5E2D2BA66568006D3F52 /* Views */ = {
			isa = PBXGroup;
			children = (
				0DC4DB712BA76FF5007A8328 /* Status */,
				0DAD5E462BA681A0006D3F52 /* Settings */,
				0DAD5E332BA66791006D3F52 /* InstanceForm */,
				0DAD5E322BA6678A006D3F52 /* NoInstances */,
				0DAD5E1F2BA6648E006D3F52 /* RootView.swift */,
			);
			path = Views;
			sourceTree = "<group>";
		};
		0DAD5E322BA6678A006D3F52 /* NoInstances */ = {
			isa = PBXGroup;
			children = (
				0DAD5E2F2BA6657E006D3F52 /* NoInstancesView.swift */,
			);
			path = NoInstances;
			sourceTree = "<group>";
		};
		0DAD5E332BA66791006D3F52 /* InstanceForm */ = {
			isa = PBXGroup;
			children = (
				0DAD5E342BA667B7006D3F52 /* InstanceFormView.swift */,
			);
			path = InstanceForm;
			sourceTree = "<group>";
		};
		0DAD5E362BA667F2006D3F52 /* Models */ = {
			isa = PBXGroup;
			children = (
				0DC4DB662BA71475007A8328 /* InstanceModel.swift */,
			);
			path = Models;
			sourceTree = "<group>";
		};
		0DAD5E392BA670B5006D3F52 /* Constants */ = {
			isa = PBXGroup;
			children = (
				0DAD5E3A2BA670DE006D3F52 /* Regexps.swift */,
				0DAD5E492BA682AC006D3F52 /* Enums.swift */,
				0DAD5E5A2BA697F6006D3F52 /* StorageKeys.swift */,
				0DAD5E5C2BA69B53006D3F52 /* Urls.swift */,
				0DC4DB602BA6A175007A8328 /* Strings.swift */,
				0DC4DB762BA77AED007A8328 /* GaugeColors.swift */,
			);
			path = Constants;
			sourceTree = "<group>";
		};
		0DAD5E3F2BA679DF006D3F52 /* Resources */ = {
			isa = PBXGroup;
			children = (
				0DAD5E402BA67A06006D3F52 /* Localizable.xcstrings */,
			);
			path = Resources;
			sourceTree = "<group>";
		};
		0DAD5E422BA6800F006D3F52 /* ViewModels */ = {
			isa = PBXGroup;
			children = (
				0DAD5E532BA690C9006D3F52 /* AppConfigViewModel.swift */,
				0DAD5E372BA667FD006D3F52 /* InstanceFormViewModel.swift */,
				0DAD5E4E2BA68786006D3F52 /* SettingsViewModel.swift */,
				0DC4DB642BA713CD007A8328 /* InstancesViewModel.swift */,
				0DC4DB742BA77032007A8328 /* StatusViewModel.swift */,
			);
			path = ViewModels;
			sourceTree = "<group>";
		};
		0DAD5E432BA680C3006D3F52 /* Utils */ = {
			isa = PBXGroup;
			children = (
				0DAD5E1A2BA6648E006D3F52 /* Persistence.swift */,
				0DAD5E662BA69F80006D3F52 /* SafariView.swift */,
				0DC4DB6D2BA723AE007A8328 /* InstanceUrl.swift */,
			);
			path = Utils;
			sourceTree = "<group>";
		};
		0DAD5E462BA681A0006D3F52 /* Settings */ = {
			isa = PBXGroup;
			children = (
				0DAD5E472BA681AB006D3F52 /* SettingsView.swift */,
				0DAD5E4C2BA684CF006D3F52 /* ThemeButton.swift */,
				0DC4DB6F2BA76392007A8328 /* ServersInstancesList.swift */,
			);
			path = Settings;
			sourceTree = "<group>";
		};
		0DAD5E502BA68FE4006D3F52 /* Components */ = {
			isa = PBXGroup;
			children = (
				0DAD5E512BA68FF0006D3F52 /* Gauge.swift */,
			);
			path = Components;
			sourceTree = "<group>";
		};
		0DC4DB712BA76FF5007A8328 /* Status */ = {
			isa = PBXGroup;
			children = (
				0DC4DB722BA77007007A8328 /* StatusView.swift */,
				0DC4DB782BA781F7007A8328 /* CpuData.swift */,
				0DC4DB7A2BA782CF007A8328 /* RamData.swift */,
				0DC4DB7C2BA78366007A8328 /* StorageData.swift */,
				0DC4DB7E2BA78436007A8328 /* NetworkData.swift */,
			);
			path = Status;
			sourceTree = "<group>";
		};
/* End PBXGroup section */

/* Begin PBXNativeTarget section */
		0DAD5E142BA6648E006D3F52 /* ServerStatus */ = {
			isa = PBXNativeTarget;
			buildConfigurationList = 0DAD5E292BA6648F006D3F52 /* Build configuration list for PBXNativeTarget "ServerStatus" */;
			buildPhases = (
				0DAD5E112BA6648E006D3F52 /* Sources */,
				0DAD5E122BA6648E006D3F52 /* Frameworks */,
				0DAD5E132BA6648E006D3F52 /* Resources */,
			);
			buildRules = (
			);
			dependencies = (
			);
			name = ServerStatus;
			productName = ServerStatus;
			productReference = 0DAD5E152BA6648E006D3F52 /* ServerStatus.app */;
			productType = "com.apple.product-type.application";
		};
/* End PBXNativeTarget section */

/* Begin PBXProject section */
		0DAD5E0D2BA6648E006D3F52 /* Project object */ = {
			isa = PBXProject;
			attributes = {
				BuildIndependentTargetsInParallel = 1;
				LastSwiftUpdateCheck = 1530;
				LastUpgradeCheck = 1530;
				TargetAttributes = {
					0DAD5E142BA6648E006D3F52 = {
						CreatedOnToolsVersion = 15.3;
					};
				};
			};
			buildConfigurationList = 0DAD5E102BA6648E006D3F52 /* Build configuration list for PBXProject "ServerStatus" */;
			compatibilityVersion = "Xcode 14.0";
			developmentRegion = en;
			hasScannedForEncodings = 0;
			knownRegions = (
				en,
				Base,
				es,
			);
			mainGroup = 0DAD5E0C2BA6648E006D3F52;
			productRefGroup = 0DAD5E162BA6648E006D3F52 /* Products */;
			projectDirPath = "";
			projectRoot = "";
			targets = (
				0DAD5E142BA6648E006D3F52 /* ServerStatus */,
			);
		};
/* End PBXProject section */

/* Begin PBXResourcesBuildPhase section */
		0DAD5E132BA6648E006D3F52 /* Resources */ = {
			isa = PBXResourcesBuildPhase;
			buildActionMask = 2147483647;
			files = (
				0DAD5E262BA6648F006D3F52 /* Preview Assets.xcassets in Resources */,
				0DAD5E222BA6648F006D3F52 /* Assets.xcassets in Resources */,
				0DC4DB632BA6A358007A8328 /* Readme.md in Resources */,
				0DAD5E412BA67A06006D3F52 /* Localizable.xcstrings in Resources */,
			);
			runOnlyForDeploymentPostprocessing = 0;
		};
/* End PBXResourcesBuildPhase section */

/* Begin PBXSourcesBuildPhase section */
		0DAD5E112BA6648E006D3F52 /* Sources */ = {
			isa = PBXSourcesBuildPhase;
			buildActionMask = 2147483647;
			files = (
				0DAD5E192BA6648E006D3F52 /* ServerStatusApp.swift in Sources */,
				0DAD5E302BA6657E006D3F52 /* NoInstancesView.swift in Sources */,
				0DAD5E1E2BA6648E006D3F52 /* ServerStatus.xcdatamodeld in Sources */,
				0DC4DB7D2BA78366007A8328 /* StorageData.swift in Sources */,
				0DC4DB6E2BA723AE007A8328 /* InstanceUrl.swift in Sources */,
				0DAD5E352BA667B7006D3F52 /* InstanceFormView.swift in Sources */,
				0DAD5E482BA681AB006D3F52 /* SettingsView.swift in Sources */,
				0DAD5E382BA667FD006D3F52 /* InstanceFormViewModel.swift in Sources */,
				0DC4DB702BA76392007A8328 /* ServersInstancesList.swift in Sources */,
				0DC4DB732BA77007007A8328 /* StatusView.swift in Sources */,
				0DAD5E202BA6648E006D3F52 /* RootView.swift in Sources */,
				0DAD5E4F2BA68786006D3F52 /* SettingsViewModel.swift in Sources */,
				0DC4DB672BA71475007A8328 /* InstanceModel.swift in Sources */,
				0DC4DB7F2BA78436007A8328 /* NetworkData.swift in Sources */,
				0DAD5E542BA690C9006D3F52 /* AppConfigViewModel.swift in Sources */,
				0DAD5E5B2BA697F6006D3F52 /* StorageKeys.swift in Sources */,
				0DC4DB612BA6A175007A8328 /* Strings.swift in Sources */,
				0DC4DB772BA77AED007A8328 /* GaugeColors.swift in Sources */,
				0DAD5E3B2BA670DE006D3F52 /* Regexps.swift in Sources */,
				0DC4DB752BA77032007A8328 /* StatusViewModel.swift in Sources */,
				0DAD5E5D2BA69B53006D3F52 /* Urls.swift in Sources */,
				0DAD5E672BA69F80006D3F52 /* SafariView.swift in Sources */,
				0DC4DB792BA781F7007A8328 /* CpuData.swift in Sources */,
				0DAD5E1B2BA6648E006D3F52 /* Persistence.swift in Sources */,
				0DC4DB652BA713CD007A8328 /* InstancesViewModel.swift in Sources */,
				0DC4DB7B2BA782CF007A8328 /* RamData.swift in Sources */,
				0DAD5E522BA68FF0006D3F52 /* Gauge.swift in Sources */,
				0DAD5E4A2BA682AC006D3F52 /* Enums.swift in Sources */,
				0DAD5E4D2BA684CF006D3F52 /* ThemeButton.swift in Sources */,
			);
			runOnlyForDeploymentPostprocessing = 0;
		};
/* End PBXSourcesBuildPhase section */

/* Begin XCBuildConfiguration section */
		0DAD5E272BA6648F006D3F52 /* Debug */ = {
			isa = XCBuildConfiguration;
			buildSettings = {
				ALWAYS_SEARCH_USER_PATHS = NO;
				ASSETCATALOG_COMPILER_GENERATE_SWIFT_ASSET_SYMBOL_EXTENSIONS = YES;
				CLANG_ANALYZER_NONNULL = YES;
				CLANG_ANALYZER_NUMBER_OBJECT_CONVERSION = YES_AGGRESSIVE;
				CLANG_CXX_LANGUAGE_STANDARD = "gnu++20";
				CLANG_ENABLE_MODULES = YES;
				CLANG_ENABLE_OBJC_ARC = YES;
				CLANG_ENABLE_OBJC_WEAK = YES;
				CLANG_WARN_BLOCK_CAPTURE_AUTORELEASING = YES;
				CLANG_WARN_BOOL_CONVERSION = YES;
				CLANG_WARN_COMMA = YES;
				CLANG_WARN_CONSTANT_CONVERSION = YES;
				CLANG_WARN_DEPRECATED_OBJC_IMPLEMENTATIONS = YES;
				CLANG_WARN_DIRECT_OBJC_ISA_USAGE = YES_ERROR;
				CLANG_WARN_DOCUMENTATION_COMMENTS = YES;
				CLANG_WARN_EMPTY_BODY = YES;
				CLANG_WARN_ENUM_CONVERSION = YES;
				CLANG_WARN_INFINITE_RECURSION = YES;
				CLANG_WARN_INT_CONVERSION = YES;
				CLANG_WARN_NON_LITERAL_NULL_CONVERSION = YES;
				CLANG_WARN_OBJC_IMPLICIT_RETAIN_SELF = YES;
				CLANG_WARN_OBJC_LITERAL_CONVERSION = YES;
				CLANG_WARN_OBJC_ROOT_CLASS = YES_ERROR;
				CLANG_WARN_QUOTED_INCLUDE_IN_FRAMEWORK_HEADER = YES;
				CLANG_WARN_RANGE_LOOP_ANALYSIS = YES;
				CLANG_WARN_STRICT_PROTOTYPES = YES;
				CLANG_WARN_SUSPICIOUS_MOVE = YES;
				CLANG_WARN_UNGUARDED_AVAILABILITY = YES_AGGRESSIVE;
				CLANG_WARN_UNREACHABLE_CODE = YES;
				CLANG_WARN__DUPLICATE_METHOD_MATCH = YES;
				COPY_PHASE_STRIP = NO;
				DEBUG_INFORMATION_FORMAT = dwarf;
				ENABLE_STRICT_OBJC_MSGSEND = YES;
				ENABLE_TESTABILITY = YES;
				ENABLE_USER_SCRIPT_SANDBOXING = YES;
				GCC_C_LANGUAGE_STANDARD = gnu17;
				GCC_DYNAMIC_NO_PIC = NO;
				GCC_NO_COMMON_BLOCKS = YES;
				GCC_OPTIMIZATION_LEVEL = 0;
				GCC_PREPROCESSOR_DEFINITIONS = (
					"DEBUG=1",
					"$(inherited)",
				);
				GCC_WARN_64_TO_32_BIT_CONVERSION = YES;
				GCC_WARN_ABOUT_RETURN_TYPE = YES_ERROR;
				GCC_WARN_UNDECLARED_SELECTOR = YES;
				GCC_WARN_UNINITIALIZED_AUTOS = YES_AGGRESSIVE;
				GCC_WARN_UNUSED_FUNCTION = YES;
				GCC_WARN_UNUSED_VARIABLE = YES;
				LOCALIZATION_PREFERS_STRING_CATALOGS = YES;
				MTL_ENABLE_DEBUG_INFO = INCLUDE_SOURCE;
				MTL_FAST_MATH = YES;
				ONLY_ACTIVE_ARCH = YES;
				SWIFT_ACTIVE_COMPILATION_CONDITIONS = "DEBUG $(inherited)";
				SWIFT_OPTIMIZATION_LEVEL = "-Onone";
			};
			name = Debug;
		};
		0DAD5E282BA6648F006D3F52 /* Release */ = {
			isa = XCBuildConfiguration;
			buildSettings = {
				ALWAYS_SEARCH_USER_PATHS = NO;
				ASSETCATALOG_COMPILER_GENERATE_SWIFT_ASSET_SYMBOL_EXTENSIONS = YES;
				CLANG_ANALYZER_NONNULL = YES;
				CLANG_ANALYZER_NUMBER_OBJECT_CONVERSION = YES_AGGRESSIVE;
				CLANG_CXX_LANGUAGE_STANDARD = "gnu++20";
				CLANG_ENABLE_MODULES = YES;
				CLANG_ENABLE_OBJC_ARC = YES;
				CLANG_ENABLE_OBJC_WEAK = YES;
				CLANG_WARN_BLOCK_CAPTURE_AUTORELEASING = YES;
				CLANG_WARN_BOOL_CONVERSION = YES;
				CLANG_WARN_COMMA = YES;
				CLANG_WARN_CONSTANT_CONVERSION = YES;
				CLANG_WARN_DEPRECATED_OBJC_IMPLEMENTATIONS = YES;
				CLANG_WARN_DIRECT_OBJC_ISA_USAGE = YES_ERROR;
				CLANG_WARN_DOCUMENTATION_COMMENTS = YES;
				CLANG_WARN_EMPTY_BODY = YES;
				CLANG_WARN_ENUM_CONVERSION = YES;
				CLANG_WARN_INFINITE_RECURSION = YES;
				CLANG_WARN_INT_CONVERSION = YES;
				CLANG_WARN_NON_LITERAL_NULL_CONVERSION = YES;
				CLANG_WARN_OBJC_IMPLICIT_RETAIN_SELF = YES;
				CLANG_WARN_OBJC_LITERAL_CONVERSION = YES;
				CLANG_WARN_OBJC_ROOT_CLASS = YES_ERROR;
				CLANG_WARN_QUOTED_INCLUDE_IN_FRAMEWORK_HEADER = YES;
				CLANG_WARN_RANGE_LOOP_ANALYSIS = YES;
				CLANG_WARN_STRICT_PROTOTYPES = YES;
				CLANG_WARN_SUSPICIOUS_MOVE = YES;
				CLANG_WARN_UNGUARDED_AVAILABILITY = YES_AGGRESSIVE;
				CLANG_WARN_UNREACHABLE_CODE = YES;
				CLANG_WARN__DUPLICATE_METHOD_MATCH = YES;
				COPY_PHASE_STRIP = NO;
				DEBUG_INFORMATION_FORMAT = "dwarf-with-dsym";
				ENABLE_NS_ASSERTIONS = NO;
				ENABLE_STRICT_OBJC_MSGSEND = YES;
				ENABLE_USER_SCRIPT_SANDBOXING = YES;
				GCC_C_LANGUAGE_STANDARD = gnu17;
				GCC_NO_COMMON_BLOCKS = YES;
				GCC_WARN_64_TO_32_BIT_CONVERSION = YES;
				GCC_WARN_ABOUT_RETURN_TYPE = YES_ERROR;
				GCC_WARN_UNDECLARED_SELECTOR = YES;
				GCC_WARN_UNINITIALIZED_AUTOS = YES_AGGRESSIVE;
				GCC_WARN_UNUSED_FUNCTION = YES;
				GCC_WARN_UNUSED_VARIABLE = YES;
				LOCALIZATION_PREFERS_STRING_CATALOGS = YES;
				MTL_ENABLE_DEBUG_INFO = NO;
				MTL_FAST_MATH = YES;
				SWIFT_COMPILATION_MODE = wholemodule;
			};
			name = Release;
		};
		0DAD5E2A2BA6648F006D3F52 /* Debug */ = {
			isa = XCBuildConfiguration;
			buildSettings = {
				ASSETCATALOG_COMPILER_APPICON_NAME = AppIcon;
				ASSETCATALOG_COMPILER_GLOBAL_ACCENT_COLOR_NAME = AccentColor;
				CODE_SIGN_ENTITLEMENTS = ServerStatus/ServerStatus.entitlements;
				CODE_SIGN_STYLE = Automatic;
				CURRENT_PROJECT_VERSION = 1;
				DEVELOPMENT_ASSET_PATHS = "\"ServerStatus/Preview Content\"";
				DEVELOPMENT_TEAM = 38Z3B9TJTR;
				ENABLE_HARDENED_RUNTIME = YES;
				ENABLE_PREVIEWS = YES;
				GENERATE_INFOPLIST_FILE = YES;
				INFOPLIST_KEY_CFBundleDisplayName = "Server Status";
				INFOPLIST_KEY_LSApplicationCategoryType = "public.app-category.utilities";
				"INFOPLIST_KEY_UIApplicationSceneManifest_Generation[sdk=iphoneos*]" = YES;
				"INFOPLIST_KEY_UIApplicationSceneManifest_Generation[sdk=iphonesimulator*]" = YES;
				"INFOPLIST_KEY_UIApplicationSupportsIndirectInputEvents[sdk=iphoneos*]" = YES;
				"INFOPLIST_KEY_UIApplicationSupportsIndirectInputEvents[sdk=iphonesimulator*]" = YES;
				"INFOPLIST_KEY_UILaunchScreen_Generation[sdk=iphoneos*]" = YES;
				"INFOPLIST_KEY_UILaunchScreen_Generation[sdk=iphonesimulator*]" = YES;
				"INFOPLIST_KEY_UIStatusBarStyle[sdk=iphoneos*]" = UIStatusBarStyleDefault;
				"INFOPLIST_KEY_UIStatusBarStyle[sdk=iphonesimulator*]" = UIStatusBarStyleDefault;
				INFOPLIST_KEY_UISupportedInterfaceOrientations_iPad = "UIInterfaceOrientationPortrait UIInterfaceOrientationPortraitUpsideDown UIInterfaceOrientationLandscapeLeft UIInterfaceOrientationLandscapeRight";
				INFOPLIST_KEY_UISupportedInterfaceOrientations_iPhone = "UIInterfaceOrientationPortrait UIInterfaceOrientationLandscapeLeft UIInterfaceOrientationLandscapeRight";
				IPHONEOS_DEPLOYMENT_TARGET = 17.4;
				LD_RUNPATH_SEARCH_PATHS = "@executable_path/Frameworks";
				"LD_RUNPATH_SEARCH_PATHS[sdk=macosx*]" = "@executable_path/../Frameworks";
				MACOSX_DEPLOYMENT_TARGET = 14.3;
				MARKETING_VERSION = 0.1.0;
				PRODUCT_BUNDLE_IDENTIFIER = com.jgeek00.ServerStatus;
				PRODUCT_NAME = "$(TARGET_NAME)";
				SDKROOT = auto;
				SUPPORTED_PLATFORMS = "iphoneos iphonesimulator macosx";
				SWIFT_EMIT_LOC_STRINGS = YES;
				SWIFT_VERSION = 5.0;
				TARGETED_DEVICE_FAMILY = "1,2";
			};
			name = Debug;
		};
		0DAD5E2B2BA6648F006D3F52 /* Release */ = {
			isa = XCBuildConfiguration;
			buildSettings = {
				ASSETCATALOG_COMPILER_APPICON_NAME = AppIcon;
				ASSETCATALOG_COMPILER_GLOBAL_ACCENT_COLOR_NAME = AccentColor;
				CODE_SIGN_ENTITLEMENTS = ServerStatus/ServerStatus.entitlements;
				CODE_SIGN_STYLE = Automatic;
				CURRENT_PROJECT_VERSION = 1;
				DEVELOPMENT_ASSET_PATHS = "\"ServerStatus/Preview Content\"";
				DEVELOPMENT_TEAM = 38Z3B9TJTR;
				ENABLE_HARDENED_RUNTIME = YES;
				ENABLE_PREVIEWS = YES;
				GENERATE_INFOPLIST_FILE = YES;
				INFOPLIST_KEY_CFBundleDisplayName = "Server Status";
				INFOPLIST_KEY_LSApplicationCategoryType = "public.app-category.utilities";
				"INFOPLIST_KEY_UIApplicationSceneManifest_Generation[sdk=iphoneos*]" = YES;
				"INFOPLIST_KEY_UIApplicationSceneManifest_Generation[sdk=iphonesimulator*]" = YES;
				"INFOPLIST_KEY_UIApplicationSupportsIndirectInputEvents[sdk=iphoneos*]" = YES;
				"INFOPLIST_KEY_UIApplicationSupportsIndirectInputEvents[sdk=iphonesimulator*]" = YES;
				"INFOPLIST_KEY_UILaunchScreen_Generation[sdk=iphoneos*]" = YES;
				"INFOPLIST_KEY_UILaunchScreen_Generation[sdk=iphonesimulator*]" = YES;
				"INFOPLIST_KEY_UIStatusBarStyle[sdk=iphoneos*]" = UIStatusBarStyleDefault;
				"INFOPLIST_KEY_UIStatusBarStyle[sdk=iphonesimulator*]" = UIStatusBarStyleDefault;
				INFOPLIST_KEY_UISupportedInterfaceOrientations_iPad = "UIInterfaceOrientationPortrait UIInterfaceOrientationPortraitUpsideDown UIInterfaceOrientationLandscapeLeft UIInterfaceOrientationLandscapeRight";
				INFOPLIST_KEY_UISupportedInterfaceOrientations_iPhone = "UIInterfaceOrientationPortrait UIInterfaceOrientationLandscapeLeft UIInterfaceOrientationLandscapeRight";
				IPHONEOS_DEPLOYMENT_TARGET = 17.4;
				LD_RUNPATH_SEARCH_PATHS = "@executable_path/Frameworks";
				"LD_RUNPATH_SEARCH_PATHS[sdk=macosx*]" = "@executable_path/../Frameworks";
				MACOSX_DEPLOYMENT_TARGET = 14.3;
				MARKETING_VERSION = 0.1.0;
				PRODUCT_BUNDLE_IDENTIFIER = com.jgeek00.ServerStatus;
				PRODUCT_NAME = "$(TARGET_NAME)";
				SDKROOT = auto;
				SUPPORTED_PLATFORMS = "iphoneos iphonesimulator macosx";
				SWIFT_EMIT_LOC_STRINGS = YES;
				SWIFT_VERSION = 5.0;
				TARGETED_DEVICE_FAMILY = "1,2";
			};
			name = Release;
		};
/* End XCBuildConfiguration section */

/* Begin XCConfigurationList section */
		0DAD5E102BA6648E006D3F52 /* Build configuration list for PBXProject "ServerStatus" */ = {
			isa = XCConfigurationList;
			buildConfigurations = (
				0DAD5E272BA6648F006D3F52 /* Debug */,
				0DAD5E282BA6648F006D3F52 /* Release */,
			);
			defaultConfigurationIsVisible = 0;
			defaultConfigurationName = Release;
		};
		0DAD5E292BA6648F006D3F52 /* Build configuration list for PBXNativeTarget "ServerStatus" */ = {
			isa = XCConfigurationList;
			buildConfigurations = (
				0DAD5E2A2BA6648F006D3F52 /* Debug */,
				0DAD5E2B2BA6648F006D3F52 /* Release */,
			);
			defaultConfigurationIsVisible = 0;
			defaultConfigurationName = Release;
		};
/* End XCConfigurationList section */

/* Begin XCVersionGroup section */
		0DAD5E1C2BA6648E006D3F52 /* ServerStatus.xcdatamodeld */ = {
			isa = XCVersionGroup;
			children = (
				0DAD5E1D2BA6648E006D3F52 /* ServerStatus.xcdatamodel */,
			);
			currentVersion = 0DAD5E1D2BA6648E006D3F52 /* ServerStatus.xcdatamodel */;
			path = ServerStatus.xcdatamodeld;
			sourceTree = "<group>";
			versionGroupType = wrapper.xcdatamodel;
		};
/* End XCVersionGroup section */
	};
	rootObject = 0DAD5E0D2BA6648E006D3F52 /* Project object */;
}
